// !$*UTF8*$!
{
	archiveVersion = 1;
	classes = {
	};
	objectVersion = 46;
	objects = {

/* Begin PBXBuildFile section */
		EC0CC5C51A78A68100BD62B3 /* CardSet.swift in Sources */ = {isa = PBXBuildFile; fileRef = EC0CC5C41A78A68100BD62B3 /* CardSet.swift */; };
		EC0CC5CA1A78B3FB00BD62B3 /* DKCardTable.swift in Sources */ = {isa = PBXBuildFile; fileRef = EC0CC5C91A78B3FB00BD62B3 /* DKCardTable.swift */; };
		EC22E8551A5BECE000EBED00 /* AppDelegate.swift in Sources */ = {isa = PBXBuildFile; fileRef = EC22E8541A5BECE000EBED00 /* AppDelegate.swift */; };
		EC22E8591A5BECE000EBED00 /* GameScene.swift in Sources */ = {isa = PBXBuildFile; fileRef = EC22E8581A5BECE000EBED00 /* GameScene.swift */; };
		EC22E85B1A5BECE000EBED00 /* GameViewController.swift in Sources */ = {isa = PBXBuildFile; fileRef = EC22E85A1A5BECE000EBED00 /* GameViewController.swift */; };
		EC22E85E1A5BECE000EBED00 /* Main.storyboard in Resources */ = {isa = PBXBuildFile; fileRef = EC22E85C1A5BECE000EBED00 /* Main.storyboard */; };
		EC22E8601A5BECE000EBED00 /* Images.xcassets in Resources */ = {isa = PBXBuildFile; fileRef = EC22E85F1A5BECE000EBED00 /* Images.xcassets */; };
		EC22E8631A5BECE000EBED00 /* LaunchScreen.xib in Resources */ = {isa = PBXBuildFile; fileRef = EC22E8611A5BECE000EBED00 /* LaunchScreen.xib */; };
		EC22E86F1A5BECE000EBED00 /* DotKiokuTests.swift in Sources */ = {isa = PBXBuildFile; fileRef = EC22E86E1A5BECE000EBED00 /* DotKiokuTests.swift */; };
		EC22E87A1A5BF50800EBED00 /* Card.swift in Sources */ = {isa = PBXBuildFile; fileRef = EC22E8791A5BF50800EBED00 /* Card.swift */; };
		EC22E87E1A5BF94C00EBED00 /* GameEngine.swift in Sources */ = {isa = PBXBuildFile; fileRef = EC22E87D1A5BF94C00EBED00 /* GameEngine.swift */; };
		EC22E8801A5BFA4D00EBED00 /* CardPool.swift in Sources */ = {isa = PBXBuildFile; fileRef = EC22E87F1A5BFA4D00EBED00 /* CardPool.swift */; };
		EC539AC71A5FBD33002A5E96 /* AudioUtils.swift in Sources */ = {isa = PBXBuildFile; fileRef = EC539AC61A5FBD33002A5E96 /* AudioUtils.swift */; };
		EC539ACC1A5FBFBB002A5E96 /* SE001_Fail.wav in Resources */ = {isa = PBXBuildFile; fileRef = EC539AC91A5FBFBB002A5E96 /* SE001_Fail.wav */; };
		EC539ACD1A5FBFBB002A5E96 /* SE001_Rankup.wav in Resources */ = {isa = PBXBuildFile; fileRef = EC539ACA1A5FBFBB002A5E96 /* SE001_Rankup.wav */; };
		EC539ACE1A5FBFBB002A5E96 /* SE002_paper.wav in Resources */ = {isa = PBXBuildFile; fileRef = EC539ACB1A5FBFBB002A5E96 /* SE002_paper.wav */; };
		ECB12ED71A7B170F00976BBE /* DKTimeBar.swift in Sources */ = {isa = PBXBuildFile; fileRef = ECB12ED61A7B170F00976BBE /* DKTimeBar.swift */; };
		ECB19B461A5F7405007470A2 /* DKUtils.swift in Sources */ = {isa = PBXBuildFile; fileRef = ECB19B451A5F7405007470A2 /* DKUtils.swift */; };
		ECB3358A1A5CB2CA00375F73 /* DKCard.swift in Sources */ = {isa = PBXBuildFile; fileRef = ECB335891A5CB2CA00375F73 /* DKCard.swift */; };
		ECB3358C1A5CC55E00375F73 /* assets.atlas in Resources */ = {isa = PBXBuildFile; fileRef = ECB3358B1A5CC55E00375F73 /* assets.atlas */; };
		ECB3358E1A5CC79500375F73 /* DKButton.swift in Sources */ = {isa = PBXBuildFile; fileRef = ECB3358D1A5CC79500375F73 /* DKButton.swift */; };
		ECB531151A5E39DF002FA5C6 /* Constants.swift in Sources */ = {isa = PBXBuildFile; fileRef = ECB531141A5E39DF002FA5C6 /* Constants.swift */; };
		ECB531171A5E6FD0002FA5C6 /* DKResultLayer.swift in Sources */ = {isa = PBXBuildFile; fileRef = ECB531161A5E6FD0002FA5C6 /* DKResultLayer.swift */; };
		ECB9046D1A79F11200029CD3 /* StageInfo.swift in Sources */ = {isa = PBXBuildFile; fileRef = ECB9046C1A79F11200029CD3 /* StageInfo.swift */; };
		ECC14F111A6CC292008E24CE /* assets@3x.atlas in Resources */ = {isa = PBXBuildFile; fileRef = ECC14F101A6CC292008E24CE /* assets@3x.atlas */; };
		ECDCB3C91A6635EE00AC2F9E /* TitleScene.swift in Sources */ = {isa = PBXBuildFile; fileRef = ECDCB3C81A6635EE00AC2F9E /* TitleScene.swift */; };
		ECDCB3CB1A66430A00AC2F9E /* assets@2x.atlas in Resources */ = {isa = PBXBuildFile; fileRef = ECDCB3CA1A66430A00AC2F9E /* assets@2x.atlas */; };
		ECDCB3FE1A6646B300AC2F9E /* libGoogleAdMobAds.a in Frameworks */ = {isa = PBXBuildFile; fileRef = ECDCB3FC1A6646B300AC2F9E /* libGoogleAdMobAds.a */; };
		ECDCB4011A6646F200AC2F9E /* AdSupport.framework in Frameworks */ = {isa = PBXBuildFile; fileRef = ECDCB4001A6646F200AC2F9E /* AdSupport.framework */; };
		ECDCB4031A6646F900AC2F9E /* AudioToolbox.framework in Frameworks */ = {isa = PBXBuildFile; fileRef = ECDCB4021A6646F900AC2F9E /* AudioToolbox.framework */; };
		ECDCB4051A66470100AC2F9E /* AVFoundation.framework in Frameworks */ = {isa = PBXBuildFile; fileRef = ECDCB4041A66470100AC2F9E /* AVFoundation.framework */; };
		ECDCB4071A66470900AC2F9E /* CoreGraphics.framework in Frameworks */ = {isa = PBXBuildFile; fileRef = ECDCB4061A66470900AC2F9E /* CoreGraphics.framework */; };
		ECDCB4091A66471000AC2F9E /* CoreTelephony.framework in Frameworks */ = {isa = PBXBuildFile; fileRef = ECDCB4081A66471000AC2F9E /* CoreTelephony.framework */; };
		ECDCB40C1A66471A00AC2F9E /* EventKit.framework in Frameworks */ = {isa = PBXBuildFile; fileRef = ECDCB40A1A66471A00AC2F9E /* EventKit.framework */; };
		ECDCB40D1A66471A00AC2F9E /* EventKitUI.framework in Frameworks */ = {isa = PBXBuildFile; fileRef = ECDCB40B1A66471A00AC2F9E /* EventKitUI.framework */; };
		ECDCB40F1A66472200AC2F9E /* MessageUI.framework in Frameworks */ = {isa = PBXBuildFile; fileRef = ECDCB40E1A66472100AC2F9E /* MessageUI.framework */; };
		ECDCB4111A66472900AC2F9E /* StoreKit.framework in Frameworks */ = {isa = PBXBuildFile; fileRef = ECDCB4101A66472900AC2F9E /* StoreKit.framework */; };
		ECDCB4131A66473000AC2F9E /* SystemConfiguration.framework in Frameworks */ = {isa = PBXBuildFile; fileRef = ECDCB4121A66473000AC2F9E /* SystemConfiguration.framework */; };
		ECDCB4241A664EF900AC2F9E /* libGoogleAnalyticsServices.a in Frameworks */ = {isa = PBXBuildFile; fileRef = ECDCB4171A664EF900AC2F9E /* libGoogleAnalyticsServices.a */; };
		ECDCB4271A664F1800AC2F9E /* CoreData.framework in Frameworks */ = {isa = PBXBuildFile; fileRef = ECDCB4261A664F1800AC2F9E /* CoreData.framework */; };
		ECDCB4291A664F4400AC2F9E /* libz.dylib in Frameworks */ = {isa = PBXBuildFile; fileRef = ECDCB4281A664F4400AC2F9E /* libz.dylib */; };
		ECDCB42B1A6650C600AC2F9E /* GoogleAnalyticsManager.swift in Sources */ = {isa = PBXBuildFile; fileRef = ECDCB42A1A6650C600AC2F9E /* GoogleAnalyticsManager.swift */; };
		ECDCB42E1A66552900AC2F9E /* libsqlite3.dylib in Frameworks */ = {isa = PBXBuildFile; fileRef = ECDCB42D1A66552900AC2F9E /* libsqlite3.dylib */; };
		ECE773C41A6CDA0100E4317D /* mosamosa.ttf in Resources */ = {isa = PBXBuildFile; fileRef = ECE773C31A6CDA0100E4317D /* mosamosa.ttf */; };
/* End PBXBuildFile section */

/* Begin PBXContainerItemProxy section */
		EC22E8691A5BECE000EBED00 /* PBXContainerItemProxy */ = {
			isa = PBXContainerItemProxy;
			containerPortal = EC22E8471A5BECE000EBED00 /* Project object */;
			proxyType = 1;
			remoteGlobalIDString = EC22E84E1A5BECE000EBED00;
			remoteInfo = DotKioku;
		};
/* End PBXContainerItemProxy section */

/* Begin PBXFileReference section */
		EC0CC5C41A78A68100BD62B3 /* CardSet.swift */ = {isa = PBXFileReference; fileEncoding = 4; lastKnownFileType = sourcecode.swift; path = CardSet.swift; sourceTree = "<group>"; };
		EC0CC5C91A78B3FB00BD62B3 /* DKCardTable.swift */ = {isa = PBXFileReference; fileEncoding = 4; lastKnownFileType = sourcecode.swift; path = DKCardTable.swift; sourceTree = "<group>"; };
		EC22E84F1A5BECE000EBED00 /* DotKioku.app */ = {isa = PBXFileReference; explicitFileType = wrapper.application; includeInIndex = 0; path = DotKioku.app; sourceTree = BUILT_PRODUCTS_DIR; };
		EC22E8531A5BECE000EBED00 /* Info.plist */ = {isa = PBXFileReference; lastKnownFileType = text.plist.xml; path = Info.plist; sourceTree = "<group>"; };
		EC22E8541A5BECE000EBED00 /* AppDelegate.swift */ = {isa = PBXFileReference; lastKnownFileType = sourcecode.swift; path = AppDelegate.swift; sourceTree = "<group>"; };
		EC22E8581A5BECE000EBED00 /* GameScene.swift */ = {isa = PBXFileReference; lastKnownFileType = sourcecode.swift; path = GameScene.swift; sourceTree = "<group>"; };
		EC22E85A1A5BECE000EBED00 /* GameViewController.swift */ = {isa = PBXFileReference; lastKnownFileType = sourcecode.swift; path = GameViewController.swift; sourceTree = "<group>"; };
		EC22E85D1A5BECE000EBED00 /* Base */ = {isa = PBXFileReference; lastKnownFileType = file.storyboard; name = Base; path = Base.lproj/Main.storyboard; sourceTree = "<group>"; };
		EC22E85F1A5BECE000EBED00 /* Images.xcassets */ = {isa = PBXFileReference; lastKnownFileType = folder.assetcatalog; path = Images.xcassets; sourceTree = "<group>"; };
		EC22E8621A5BECE000EBED00 /* Base */ = {isa = PBXFileReference; lastKnownFileType = file.xib; name = Base; path = Base.lproj/LaunchScreen.xib; sourceTree = "<group>"; };
		EC22E8681A5BECE000EBED00 /* DotKiokuTests.xctest */ = {isa = PBXFileReference; explicitFileType = wrapper.cfbundle; includeInIndex = 0; path = DotKiokuTests.xctest; sourceTree = BUILT_PRODUCTS_DIR; };
		EC22E86D1A5BECE000EBED00 /* Info.plist */ = {isa = PBXFileReference; lastKnownFileType = text.plist.xml; path = Info.plist; sourceTree = "<group>"; };
		EC22E86E1A5BECE000EBED00 /* DotKiokuTests.swift */ = {isa = PBXFileReference; lastKnownFileType = sourcecode.swift; path = DotKiokuTests.swift; sourceTree = "<group>"; };
		EC22E8791A5BF50800EBED00 /* Card.swift */ = {isa = PBXFileReference; fileEncoding = 4; lastKnownFileType = sourcecode.swift; path = Card.swift; sourceTree = "<group>"; };
		EC22E87D1A5BF94C00EBED00 /* GameEngine.swift */ = {isa = PBXFileReference; fileEncoding = 4; lastKnownFileType = sourcecode.swift; path = GameEngine.swift; sourceTree = "<group>"; };
		EC22E87F1A5BFA4D00EBED00 /* CardPool.swift */ = {isa = PBXFileReference; fileEncoding = 4; lastKnownFileType = sourcecode.swift; path = CardPool.swift; sourceTree = "<group>"; };
		EC539AC61A5FBD33002A5E96 /* AudioUtils.swift */ = {isa = PBXFileReference; fileEncoding = 4; lastKnownFileType = sourcecode.swift; path = AudioUtils.swift; sourceTree = "<group>"; };
		EC539AC91A5FBFBB002A5E96 /* SE001_Fail.wav */ = {isa = PBXFileReference; lastKnownFileType = audio.wav; path = SE001_Fail.wav; sourceTree = "<group>"; };
		EC539ACA1A5FBFBB002A5E96 /* SE001_Rankup.wav */ = {isa = PBXFileReference; lastKnownFileType = audio.wav; path = SE001_Rankup.wav; sourceTree = "<group>"; };
		EC539ACB1A5FBFBB002A5E96 /* SE002_paper.wav */ = {isa = PBXFileReference; lastKnownFileType = audio.wav; path = SE002_paper.wav; sourceTree = "<group>"; };
		ECB12ED61A7B170F00976BBE /* DKTimeBar.swift */ = {isa = PBXFileReference; fileEncoding = 4; lastKnownFileType = sourcecode.swift; path = DKTimeBar.swift; sourceTree = "<group>"; };
		ECB19B451A5F7405007470A2 /* DKUtils.swift */ = {isa = PBXFileReference; fileEncoding = 4; lastKnownFileType = sourcecode.swift; path = DKUtils.swift; sourceTree = "<group>"; };
		ECB335891A5CB2CA00375F73 /* DKCard.swift */ = {isa = PBXFileReference; fileEncoding = 4; lastKnownFileType = sourcecode.swift; path = DKCard.swift; sourceTree = "<group>"; };
		ECB3358B1A5CC55E00375F73 /* assets.atlas */ = {isa = PBXFileReference; lastKnownFileType = folder.skatlas; path = assets.atlas; sourceTree = "<group>"; };
		ECB3358D1A5CC79500375F73 /* DKButton.swift */ = {isa = PBXFileReference; fileEncoding = 4; lastKnownFileType = sourcecode.swift; path = DKButton.swift; sourceTree = "<group>"; };
		ECB531141A5E39DF002FA5C6 /* Constants.swift */ = {isa = PBXFileReference; fileEncoding = 4; lastKnownFileType = sourcecode.swift; path = Constants.swift; sourceTree = "<group>"; };
		ECB531161A5E6FD0002FA5C6 /* DKResultLayer.swift */ = {isa = PBXFileReference; fileEncoding = 4; lastKnownFileType = sourcecode.swift; path = DKResultLayer.swift; sourceTree = "<group>"; };
		ECB9046C1A79F11200029CD3 /* StageInfo.swift */ = {isa = PBXFileReference; fileEncoding = 4; lastKnownFileType = sourcecode.swift; path = StageInfo.swift; sourceTree = "<group>"; };
		ECC14F101A6CC292008E24CE /* assets@3x.atlas */ = {isa = PBXFileReference; lastKnownFileType = folder.skatlas; path = "assets@3x.atlas"; sourceTree = "<group>"; };
		ECDCB3C81A6635EE00AC2F9E /* TitleScene.swift */ = {isa = PBXFileReference; fileEncoding = 4; lastKnownFileType = sourcecode.swift; path = TitleScene.swift; sourceTree = "<group>"; };
		ECDCB3CA1A66430A00AC2F9E /* assets@2x.atlas */ = {isa = PBXFileReference; lastKnownFileType = folder.skatlas; path = "assets@2x.atlas"; sourceTree = "<group>"; };
		ECDCB3F01A6646B300AC2F9E /* GADAdMobExtras.h */ = {isa = PBXFileReference; fileEncoding = 4; lastKnownFileType = sourcecode.c.h; path = GADAdMobExtras.h; sourceTree = "<group>"; };
		ECDCB3F11A6646B300AC2F9E /* GADAdNetworkExtras.h */ = {isa = PBXFileReference; fileEncoding = 4; lastKnownFileType = sourcecode.c.h; path = GADAdNetworkExtras.h; sourceTree = "<group>"; };
		ECDCB3F21A6646B300AC2F9E /* GADAdSize.h */ = {isa = PBXFileReference; fileEncoding = 4; lastKnownFileType = sourcecode.c.h; path = GADAdSize.h; sourceTree = "<group>"; };
		ECDCB3F31A6646B300AC2F9E /* GADBannerView.h */ = {isa = PBXFileReference; fileEncoding = 4; lastKnownFileType = sourcecode.c.h; path = GADBannerView.h; sourceTree = "<group>"; };
		ECDCB3F41A6646B300AC2F9E /* GADBannerViewDelegate.h */ = {isa = PBXFileReference; fileEncoding = 4; lastKnownFileType = sourcecode.c.h; path = GADBannerViewDelegate.h; sourceTree = "<group>"; };
		ECDCB3F51A6646B300AC2F9E /* GADInAppPurchase.h */ = {isa = PBXFileReference; fileEncoding = 4; lastKnownFileType = sourcecode.c.h; path = GADInAppPurchase.h; sourceTree = "<group>"; };
		ECDCB3F61A6646B300AC2F9E /* GADInAppPurchaseDelegate.h */ = {isa = PBXFileReference; fileEncoding = 4; lastKnownFileType = sourcecode.c.h; path = GADInAppPurchaseDelegate.h; sourceTree = "<group>"; };
		ECDCB3F71A6646B300AC2F9E /* GADInterstitial.h */ = {isa = PBXFileReference; fileEncoding = 4; lastKnownFileType = sourcecode.c.h; path = GADInterstitial.h; sourceTree = "<group>"; };
		ECDCB3F81A6646B300AC2F9E /* GADInterstitialDelegate.h */ = {isa = PBXFileReference; fileEncoding = 4; lastKnownFileType = sourcecode.c.h; path = GADInterstitialDelegate.h; sourceTree = "<group>"; };
		ECDCB3F91A6646B300AC2F9E /* GADModules.h */ = {isa = PBXFileReference; fileEncoding = 4; lastKnownFileType = sourcecode.c.h; path = GADModules.h; sourceTree = "<group>"; };
		ECDCB3FA1A6646B300AC2F9E /* GADRequest.h */ = {isa = PBXFileReference; fileEncoding = 4; lastKnownFileType = sourcecode.c.h; path = GADRequest.h; sourceTree = "<group>"; };
		ECDCB3FB1A6646B300AC2F9E /* GADRequestError.h */ = {isa = PBXFileReference; fileEncoding = 4; lastKnownFileType = sourcecode.c.h; path = GADRequestError.h; sourceTree = "<group>"; };
		ECDCB3FC1A6646B300AC2F9E /* libGoogleAdMobAds.a */ = {isa = PBXFileReference; lastKnownFileType = archive.ar; path = libGoogleAdMobAds.a; sourceTree = "<group>"; };
		ECDCB4001A6646F200AC2F9E /* AdSupport.framework */ = {isa = PBXFileReference; lastKnownFileType = wrapper.framework; name = AdSupport.framework; path = System/Library/Frameworks/AdSupport.framework; sourceTree = SDKROOT; };
		ECDCB4021A6646F900AC2F9E /* AudioToolbox.framework */ = {isa = PBXFileReference; lastKnownFileType = wrapper.framework; name = AudioToolbox.framework; path = System/Library/Frameworks/AudioToolbox.framework; sourceTree = SDKROOT; };
		ECDCB4041A66470100AC2F9E /* AVFoundation.framework */ = {isa = PBXFileReference; lastKnownFileType = wrapper.framework; name = AVFoundation.framework; path = System/Library/Frameworks/AVFoundation.framework; sourceTree = SDKROOT; };
		ECDCB4061A66470900AC2F9E /* CoreGraphics.framework */ = {isa = PBXFileReference; lastKnownFileType = wrapper.framework; name = CoreGraphics.framework; path = System/Library/Frameworks/CoreGraphics.framework; sourceTree = SDKROOT; };
		ECDCB4081A66471000AC2F9E /* CoreTelephony.framework */ = {isa = PBXFileReference; lastKnownFileType = wrapper.framework; name = CoreTelephony.framework; path = System/Library/Frameworks/CoreTelephony.framework; sourceTree = SDKROOT; };
		ECDCB40A1A66471A00AC2F9E /* EventKit.framework */ = {isa = PBXFileReference; lastKnownFileType = wrapper.framework; name = EventKit.framework; path = System/Library/Frameworks/EventKit.framework; sourceTree = SDKROOT; };
		ECDCB40B1A66471A00AC2F9E /* EventKitUI.framework */ = {isa = PBXFileReference; lastKnownFileType = wrapper.framework; name = EventKitUI.framework; path = System/Library/Frameworks/EventKitUI.framework; sourceTree = SDKROOT; };
		ECDCB40E1A66472100AC2F9E /* MessageUI.framework */ = {isa = PBXFileReference; lastKnownFileType = wrapper.framework; name = MessageUI.framework; path = System/Library/Frameworks/MessageUI.framework; sourceTree = SDKROOT; };
		ECDCB4101A66472900AC2F9E /* StoreKit.framework */ = {isa = PBXFileReference; lastKnownFileType = wrapper.framework; name = StoreKit.framework; path = System/Library/Frameworks/StoreKit.framework; sourceTree = SDKROOT; };
		ECDCB4121A66473000AC2F9E /* SystemConfiguration.framework */ = {isa = PBXFileReference; lastKnownFileType = wrapper.framework; name = SystemConfiguration.framework; path = System/Library/Frameworks/SystemConfiguration.framework; sourceTree = SDKROOT; };
		ECDCB4151A66485B00AC2F9E /* objc-header.h */ = {isa = PBXFileReference; lastKnownFileType = sourcecode.c.h; path = "objc-header.h"; sourceTree = "<group>"; };
		ECDCB4171A664EF900AC2F9E /* libGoogleAnalyticsServices.a */ = {isa = PBXFileReference; lastKnownFileType = archive.ar; path = libGoogleAnalyticsServices.a; sourceTree = "<group>"; };
		ECDCB4191A664EF900AC2F9E /* GAI.h */ = {isa = PBXFileReference; fileEncoding = 4; lastKnownFileType = sourcecode.c.h; path = GAI.h; sourceTree = "<group>"; };
		ECDCB41A1A664EF900AC2F9E /* GAIDictionaryBuilder.h */ = {isa = PBXFileReference; fileEncoding = 4; lastKnownFileType = sourcecode.c.h; path = GAIDictionaryBuilder.h; sourceTree = "<group>"; };
		ECDCB41B1A664EF900AC2F9E /* GAIEcommerceFields.h */ = {isa = PBXFileReference; fileEncoding = 4; lastKnownFileType = sourcecode.c.h; path = GAIEcommerceFields.h; sourceTree = "<group>"; };
		ECDCB41C1A664EF900AC2F9E /* GAIEcommerceProduct.h */ = {isa = PBXFileReference; fileEncoding = 4; lastKnownFileType = sourcecode.c.h; path = GAIEcommerceProduct.h; sourceTree = "<group>"; };
		ECDCB41D1A664EF900AC2F9E /* GAIEcommerceProductAction.h */ = {isa = PBXFileReference; fileEncoding = 4; lastKnownFileType = sourcecode.c.h; path = GAIEcommerceProductAction.h; sourceTree = "<group>"; };
		ECDCB41E1A664EF900AC2F9E /* GAIEcommercePromotion.h */ = {isa = PBXFileReference; fileEncoding = 4; lastKnownFileType = sourcecode.c.h; path = GAIEcommercePromotion.h; sourceTree = "<group>"; };
		ECDCB41F1A664EF900AC2F9E /* GAIFields.h */ = {isa = PBXFileReference; fileEncoding = 4; lastKnownFileType = sourcecode.c.h; path = GAIFields.h; sourceTree = "<group>"; };
		ECDCB4201A664EF900AC2F9E /* GAILogger.h */ = {isa = PBXFileReference; fileEncoding = 4; lastKnownFileType = sourcecode.c.h; path = GAILogger.h; sourceTree = "<group>"; };
		ECDCB4211A664EF900AC2F9E /* GAITrackedViewController.h */ = {isa = PBXFileReference; fileEncoding = 4; lastKnownFileType = sourcecode.c.h; path = GAITrackedViewController.h; sourceTree = "<group>"; };
		ECDCB4221A664EF900AC2F9E /* GAITracker.h */ = {isa = PBXFileReference; fileEncoding = 4; lastKnownFileType = sourcecode.c.h; path = GAITracker.h; sourceTree = "<group>"; };
		ECDCB4261A664F1800AC2F9E /* CoreData.framework */ = {isa = PBXFileReference; lastKnownFileType = wrapper.framework; name = CoreData.framework; path = System/Library/Frameworks/CoreData.framework; sourceTree = SDKROOT; };
		ECDCB4281A664F4400AC2F9E /* libz.dylib */ = {isa = PBXFileReference; lastKnownFileType = "compiled.mach-o.dylib"; name = libz.dylib; path = usr/lib/libz.dylib; sourceTree = SDKROOT; };
		ECDCB42A1A6650C600AC2F9E /* GoogleAnalyticsManager.swift */ = {isa = PBXFileReference; fileEncoding = 4; lastKnownFileType = sourcecode.swift; path = GoogleAnalyticsManager.swift; sourceTree = "<group>"; };
		ECDCB42D1A66552900AC2F9E /* libsqlite3.dylib */ = {isa = PBXFileReference; lastKnownFileType = "compiled.mach-o.dylib"; name = libsqlite3.dylib; path = usr/lib/libsqlite3.dylib; sourceTree = SDKROOT; };
		ECE773C31A6CDA0100E4317D /* mosamosa.ttf */ = {isa = PBXFileReference; lastKnownFileType = file; name = mosamosa.ttf; path = Resources/mosamosa.ttf; sourceTree = "<group>"; };
/* End PBXFileReference section */

/* Begin PBXFrameworksBuildPhase section */
		EC22E84C1A5BECE000EBED00 /* Frameworks */ = {
			isa = PBXFrameworksBuildPhase;
			buildActionMask = 2147483647;
			files = (
				ECDCB42E1A66552900AC2F9E /* libsqlite3.dylib in Frameworks */,
				ECDCB4291A664F4400AC2F9E /* libz.dylib in Frameworks */,
				ECDCB4271A664F1800AC2F9E /* CoreData.framework in Frameworks */,
				ECDCB4131A66473000AC2F9E /* SystemConfiguration.framework in Frameworks */,
				ECDCB4111A66472900AC2F9E /* StoreKit.framework in Frameworks */,
				ECDCB40F1A66472200AC2F9E /* MessageUI.framework in Frameworks */,
				ECDCB40C1A66471A00AC2F9E /* EventKit.framework in Frameworks */,
				ECDCB40D1A66471A00AC2F9E /* EventKitUI.framework in Frameworks */,
				ECDCB4091A66471000AC2F9E /* CoreTelephony.framework in Frameworks */,
				ECDCB4071A66470900AC2F9E /* CoreGraphics.framework in Frameworks */,
				ECDCB4051A66470100AC2F9E /* AVFoundation.framework in Frameworks */,
				ECDCB4031A6646F900AC2F9E /* AudioToolbox.framework in Frameworks */,
				ECDCB4011A6646F200AC2F9E /* AdSupport.framework in Frameworks */,
				ECDCB3FE1A6646B300AC2F9E /* libGoogleAdMobAds.a in Frameworks */,
				ECDCB4241A664EF900AC2F9E /* libGoogleAnalyticsServices.a in Frameworks */,
			);
			runOnlyForDeploymentPostprocessing = 0;
		};
		EC22E8651A5BECE000EBED00 /* Frameworks */ = {
			isa = PBXFrameworksBuildPhase;
			buildActionMask = 2147483647;
			files = (
			);
			runOnlyForDeploymentPostprocessing = 0;
		};
/* End PBXFrameworksBuildPhase section */

/* Begin PBXGroup section */
		EC0CC5C61A78B15B00BD62B3 /* Scene */ = {
			isa = PBXGroup;
			children = (
				ECDCB3C81A6635EE00AC2F9E /* TitleScene.swift */,
				EC22E8581A5BECE000EBED00 /* GameScene.swift */,
			);
			name = Scene;
			sourceTree = "<group>";
		};
		EC0CC5C71A78B17E00BD62B3 /* Utils */ = {
			isa = PBXGroup;
			children = (
				EC539AC61A5FBD33002A5E96 /* AudioUtils.swift */,
				ECB19B451A5F7405007470A2 /* DKUtils.swift */,
			);
			name = Utils;
			sourceTree = "<group>";
		};
		EC0CC5C81A78B1A800BD62B3 /* View */ = {
			isa = PBXGroup;
			children = (
				ECB335891A5CB2CA00375F73 /* DKCard.swift */,
				ECB3358D1A5CC79500375F73 /* DKButton.swift */,
				ECB531161A5E6FD0002FA5C6 /* DKResultLayer.swift */,
				EC0CC5C91A78B3FB00BD62B3 /* DKCardTable.swift */,
				ECB12ED61A7B170F00976BBE /* DKTimeBar.swift */,
			);
			name = View;
			sourceTree = "<group>";
		};
		EC22E8461A5BECE000EBED00 = {
			isa = PBXGroup;
			children = (
				EC22E8511A5BECE000EBED00 /* DotKioku */,
				ECDCB4141A66473B00AC2F9E /* Framework */,
				EC22E86B1A5BECE000EBED00 /* DotKiokuTests */,
				EC22E8501A5BECE000EBED00 /* Products */,
			);
			sourceTree = "<group>";
		};
		EC22E8501A5BECE000EBED00 /* Products */ = {
			isa = PBXGroup;
			children = (
				EC22E84F1A5BECE000EBED00 /* DotKioku.app */,
				EC22E8681A5BECE000EBED00 /* DotKiokuTests.xctest */,
			);
			name = Products;
			sourceTree = "<group>";
		};
		EC22E8511A5BECE000EBED00 /* DotKioku */ = {
			isa = PBXGroup;
			children = (
				ECE773C51A6CDA0E00E4317D /* font */,
				EC539AC81A5FBFBB002A5E96 /* sounds */,
				ECB3358B1A5CC55E00375F73 /* assets.atlas */,
				ECDCB3CA1A66430A00AC2F9E /* assets@2x.atlas */,
				ECC14F101A6CC292008E24CE /* assets@3x.atlas */,
				ECDCB4151A66485B00AC2F9E /* objc-header.h */,
				EC22E8541A5BECE000EBED00 /* AppDelegate.swift */,
				EC22E85A1A5BECE000EBED00 /* GameViewController.swift */,
				EC22E85C1A5BECE000EBED00 /* Main.storyboard */,
				EC22E85F1A5BECE000EBED00 /* Images.xcassets */,
				EC22E8611A5BECE000EBED00 /* LaunchScreen.xib */,
				EC22E8521A5BECE000EBED00 /* Supporting Files */,
				ECB531141A5E39DF002FA5C6 /* Constants.swift */,
				EC22E87D1A5BF94C00EBED00 /* GameEngine.swift */,
				EC0CC5C61A78B15B00BD62B3 /* Scene */,
				EC22E8781A5BF3D800EBED00 /* Model */,
				EC0CC5C81A78B1A800BD62B3 /* View */,
				EC0CC5C71A78B17E00BD62B3 /* Utils */,
				ECDCB42C1A6650CD00AC2F9E /* GoogleAnalytics */,
			);
			path = DotKioku;
			sourceTree = "<group>";
		};
		EC22E8521A5BECE000EBED00 /* Supporting Files */ = {
			isa = PBXGroup;
			children = (
				EC22E8531A5BECE000EBED00 /* Info.plist */,
			);
			name = "Supporting Files";
			sourceTree = "<group>";
		};
		EC22E86B1A5BECE000EBED00 /* DotKiokuTests */ = {
			isa = PBXGroup;
			children = (
				EC22E86E1A5BECE000EBED00 /* DotKiokuTests.swift */,
				EC22E86C1A5BECE000EBED00 /* Supporting Files */,
			);
			path = DotKiokuTests;
			sourceTree = "<group>";
		};
		EC22E86C1A5BECE000EBED00 /* Supporting Files */ = {
			isa = PBXGroup;
			children = (
				EC22E86D1A5BECE000EBED00 /* Info.plist */,
			);
			name = "Supporting Files";
			sourceTree = "<group>";
		};
		EC22E8781A5BF3D800EBED00 /* Model */ = {
			isa = PBXGroup;
			children = (
				EC22E8791A5BF50800EBED00 /* Card.swift */,
				EC22E87F1A5BFA4D00EBED00 /* CardPool.swift */,
				EC0CC5C41A78A68100BD62B3 /* CardSet.swift */,
				ECB9046C1A79F11200029CD3 /* StageInfo.swift */,
			);
			name = Model;
			sourceTree = "<group>";
		};
		EC539AC81A5FBFBB002A5E96 /* sounds */ = {
			isa = PBXGroup;
			children = (
				EC539AC91A5FBFBB002A5E96 /* SE001_Fail.wav */,
				EC539ACA1A5FBFBB002A5E96 /* SE001_Rankup.wav */,
				EC539ACB1A5FBFBB002A5E96 /* SE002_paper.wav */,
			);
			path = sounds;
			sourceTree = "<group>";
		};
		ECDCB3DC1A6646B300AC2F9E /* GoogleMobileAds */ = {
			isa = PBXGroup;
			children = (
				ECDCB3F01A6646B300AC2F9E /* GADAdMobExtras.h */,
				ECDCB3F11A6646B300AC2F9E /* GADAdNetworkExtras.h */,
				ECDCB3F21A6646B300AC2F9E /* GADAdSize.h */,
				ECDCB3F31A6646B300AC2F9E /* GADBannerView.h */,
				ECDCB3F41A6646B300AC2F9E /* GADBannerViewDelegate.h */,
				ECDCB3F51A6646B300AC2F9E /* GADInAppPurchase.h */,
				ECDCB3F61A6646B300AC2F9E /* GADInAppPurchaseDelegate.h */,
				ECDCB3F71A6646B300AC2F9E /* GADInterstitial.h */,
				ECDCB3F81A6646B300AC2F9E /* GADInterstitialDelegate.h */,
				ECDCB3F91A6646B300AC2F9E /* GADModules.h */,
				ECDCB3FA1A6646B300AC2F9E /* GADRequest.h */,
				ECDCB3FB1A6646B300AC2F9E /* GADRequestError.h */,
				ECDCB3FC1A6646B300AC2F9E /* libGoogleAdMobAds.a */,
			);
			name = GoogleMobileAds;
			path = DotKioku/lib/GoogleMobileAds;
			sourceTree = "<group>";
		};
		ECDCB4141A66473B00AC2F9E /* Framework */ = {
			isa = PBXGroup;
			children = (
				ECDCB42D1A66552900AC2F9E /* libsqlite3.dylib */,
				ECDCB4281A664F4400AC2F9E /* libz.dylib */,
				ECDCB4261A664F1800AC2F9E /* CoreData.framework */,
				ECDCB4161A664EF900AC2F9E /* GoogleAnalytics */,
				ECDCB3DC1A6646B300AC2F9E /* GoogleMobileAds */,
				ECDCB4121A66473000AC2F9E /* SystemConfiguration.framework */,
				ECDCB4101A66472900AC2F9E /* StoreKit.framework */,
				ECDCB40E1A66472100AC2F9E /* MessageUI.framework */,
				ECDCB40A1A66471A00AC2F9E /* EventKit.framework */,
				ECDCB40B1A66471A00AC2F9E /* EventKitUI.framework */,
				ECDCB4081A66471000AC2F9E /* CoreTelephony.framework */,
				ECDCB4061A66470900AC2F9E /* CoreGraphics.framework */,
				ECDCB4041A66470100AC2F9E /* AVFoundation.framework */,
				ECDCB4021A6646F900AC2F9E /* AudioToolbox.framework */,
				ECDCB4001A6646F200AC2F9E /* AdSupport.framework */,
			);
			name = Framework;
			sourceTree = "<group>";
		};
		ECDCB4161A664EF900AC2F9E /* GoogleAnalytics */ = {
			isa = PBXGroup;
			children = (
				ECDCB4171A664EF900AC2F9E /* libGoogleAnalyticsServices.a */,
				ECDCB4181A664EF900AC2F9E /* Library */,
			);
			name = GoogleAnalytics;
			path = DotKioku/lib/GoogleAnalytics;
			sourceTree = "<group>";
		};
		ECDCB4181A664EF900AC2F9E /* Library */ = {
			isa = PBXGroup;
			children = (
				ECDCB4191A664EF900AC2F9E /* GAI.h */,
				ECDCB41A1A664EF900AC2F9E /* GAIDictionaryBuilder.h */,
				ECDCB41B1A664EF900AC2F9E /* GAIEcommerceFields.h */,
				ECDCB41C1A664EF900AC2F9E /* GAIEcommerceProduct.h */,
				ECDCB41D1A664EF900AC2F9E /* GAIEcommerceProductAction.h */,
				ECDCB41E1A664EF900AC2F9E /* GAIEcommercePromotion.h */,
				ECDCB41F1A664EF900AC2F9E /* GAIFields.h */,
				ECDCB4201A664EF900AC2F9E /* GAILogger.h */,
				ECDCB4211A664EF900AC2F9E /* GAITrackedViewController.h */,
				ECDCB4221A664EF900AC2F9E /* GAITracker.h */,
			);
			path = Library;
			sourceTree = "<group>";
		};
		ECDCB42C1A6650CD00AC2F9E /* GoogleAnalytics */ = {
			isa = PBXGroup;
			children = (
				ECDCB42A1A6650C600AC2F9E /* GoogleAnalyticsManager.swift */,
			);
			name = GoogleAnalytics;
			sourceTree = "<group>";
		};
		ECE773C51A6CDA0E00E4317D /* font */ = {
			isa = PBXGroup;
			children = (
				ECE773C31A6CDA0100E4317D /* mosamosa.ttf */,
			);
			name = font;
			sourceTree = "<group>";
		};
/* End PBXGroup section */

/* Begin PBXNativeTarget section */
		EC22E84E1A5BECE000EBED00 /* DotKioku */ = {
			isa = PBXNativeTarget;
			buildConfigurationList = EC22E8721A5BECE000EBED00 /* Build configuration list for PBXNativeTarget "DotKioku" */;
			buildPhases = (
				EC22E84B1A5BECE000EBED00 /* Sources */,
				EC22E84C1A5BECE000EBED00 /* Frameworks */,
				EC22E84D1A5BECE000EBED00 /* Resources */,
			);
			buildRules = (
			);
			dependencies = (
			);
			name = DotKioku;
			productName = DotKioku;
			productReference = EC22E84F1A5BECE000EBED00 /* DotKioku.app */;
			productType = "com.apple.product-type.application";
		};
		EC22E8671A5BECE000EBED00 /* DotKiokuTests */ = {
			isa = PBXNativeTarget;
			buildConfigurationList = EC22E8751A5BECE000EBED00 /* Build configuration list for PBXNativeTarget "DotKiokuTests" */;
			buildPhases = (
				EC22E8641A5BECE000EBED00 /* Sources */,
				EC22E8651A5BECE000EBED00 /* Frameworks */,
				EC22E8661A5BECE000EBED00 /* Resources */,
			);
			buildRules = (
			);
			dependencies = (
				EC22E86A1A5BECE000EBED00 /* PBXTargetDependency */,
			);
			name = DotKiokuTests;
			productName = DotKiokuTests;
			productReference = EC22E8681A5BECE000EBED00 /* DotKiokuTests.xctest */;
			productType = "com.apple.product-type.bundle.unit-test";
		};
/* End PBXNativeTarget section */

/* Begin PBXProject section */
		EC22E8471A5BECE000EBED00 /* Project object */ = {
			isa = PBXProject;
			attributes = {
				LastUpgradeCheck = 0610;
				ORGANIZATIONNAME = ichiko_revjune;
				TargetAttributes = {
					EC22E84E1A5BECE000EBED00 = {
						CreatedOnToolsVersion = 6.1.1;
					};
					EC22E8671A5BECE000EBED00 = {
						CreatedOnToolsVersion = 6.1.1;
						TestTargetID = EC22E84E1A5BECE000EBED00;
					};
				};
			};
			buildConfigurationList = EC22E84A1A5BECE000EBED00 /* Build configuration list for PBXProject "DotKioku" */;
			compatibilityVersion = "Xcode 3.2";
			developmentRegion = English;
			hasScannedForEncodings = 0;
			knownRegions = (
				en,
				Base,
			);
			mainGroup = EC22E8461A5BECE000EBED00;
			productRefGroup = EC22E8501A5BECE000EBED00 /* Products */;
			projectDirPath = "";
			projectRoot = "";
			targets = (
				EC22E84E1A5BECE000EBED00 /* DotKioku */,
				EC22E8671A5BECE000EBED00 /* DotKiokuTests */,
			);
		};
/* End PBXProject section */

/* Begin PBXResourcesBuildPhase section */
		EC22E84D1A5BECE000EBED00 /* Resources */ = {
			isa = PBXResourcesBuildPhase;
			buildActionMask = 2147483647;
			files = (
				ECE773C41A6CDA0100E4317D /* mosamosa.ttf in Resources */,
				EC22E8631A5BECE000EBED00 /* LaunchScreen.xib in Resources */,
				EC22E8601A5BECE000EBED00 /* Images.xcassets in Resources */,
				EC539ACE1A5FBFBB002A5E96 /* SE002_paper.wav in Resources */,
				ECB3358C1A5CC55E00375F73 /* assets.atlas in Resources */,
				ECC14F111A6CC292008E24CE /* assets@3x.atlas in Resources */,
				EC539ACD1A5FBFBB002A5E96 /* SE001_Rankup.wav in Resources */,
				EC22E85E1A5BECE000EBED00 /* Main.storyboard in Resources */,
				EC539ACC1A5FBFBB002A5E96 /* SE001_Fail.wav in Resources */,
				ECDCB3CB1A66430A00AC2F9E /* assets@2x.atlas in Resources */,
			);
			runOnlyForDeploymentPostprocessing = 0;
		};
		EC22E8661A5BECE000EBED00 /* Resources */ = {
			isa = PBXResourcesBuildPhase;
			buildActionMask = 2147483647;
			files = (
			);
			runOnlyForDeploymentPostprocessing = 0;
		};
/* End PBXResourcesBuildPhase section */

/* Begin PBXSourcesBuildPhase section */
		EC22E84B1A5BECE000EBED00 /* Sources */ = {
			isa = PBXSourcesBuildPhase;
			buildActionMask = 2147483647;
			files = (
				EC0CC5C51A78A68100BD62B3 /* CardSet.swift in Sources */,
				ECB531171A5E6FD0002FA5C6 /* DKResultLayer.swift in Sources */,
				ECB531151A5E39DF002FA5C6 /* Constants.swift in Sources */,
				ECB3358A1A5CB2CA00375F73 /* DKCard.swift in Sources */,
				ECB9046D1A79F11200029CD3 /* StageInfo.swift in Sources */,
				EC22E8591A5BECE000EBED00 /* GameScene.swift in Sources */,
				EC22E87E1A5BF94C00EBED00 /* GameEngine.swift in Sources */,
				ECB19B461A5F7405007470A2 /* DKUtils.swift in Sources */,
				EC22E8801A5BFA4D00EBED00 /* CardPool.swift in Sources */,
				ECB12ED71A7B170F00976BBE /* DKTimeBar.swift in Sources */,
				EC22E85B1A5BECE000EBED00 /* GameViewController.swift in Sources */,
				ECB3358E1A5CC79500375F73 /* DKButton.swift in Sources */,
				EC22E8551A5BECE000EBED00 /* AppDelegate.swift in Sources */,
				ECDCB3C91A6635EE00AC2F9E /* TitleScene.swift in Sources */,
				EC539AC71A5FBD33002A5E96 /* AudioUtils.swift in Sources */,
				EC0CC5CA1A78B3FB00BD62B3 /* DKCardTable.swift in Sources */,
				EC22E87A1A5BF50800EBED00 /* Card.swift in Sources */,
				ECDCB42B1A6650C600AC2F9E /* GoogleAnalyticsManager.swift in Sources */,
			);
			runOnlyForDeploymentPostprocessing = 0;
		};
		EC22E8641A5BECE000EBED00 /* Sources */ = {
			isa = PBXSourcesBuildPhase;
			buildActionMask = 2147483647;
			files = (
				EC22E86F1A5BECE000EBED00 /* DotKiokuTests.swift in Sources */,
			);
			runOnlyForDeploymentPostprocessing = 0;
		};
/* End PBXSourcesBuildPhase section */

/* Begin PBXTargetDependency section */
		EC22E86A1A5BECE000EBED00 /* PBXTargetDependency */ = {
			isa = PBXTargetDependency;
			target = EC22E84E1A5BECE000EBED00 /* DotKioku */;
			targetProxy = EC22E8691A5BECE000EBED00 /* PBXContainerItemProxy */;
		};
/* End PBXTargetDependency section */

/* Begin PBXVariantGroup section */
		EC22E85C1A5BECE000EBED00 /* Main.storyboard */ = {
			isa = PBXVariantGroup;
			children = (
				EC22E85D1A5BECE000EBED00 /* Base */,
			);
			name = Main.storyboard;
			sourceTree = "<group>";
		};
		EC22E8611A5BECE000EBED00 /* LaunchScreen.xib */ = {
			isa = PBXVariantGroup;
			children = (
				EC22E8621A5BECE000EBED00 /* Base */,
			);
			name = LaunchScreen.xib;
			sourceTree = "<group>";
		};
/* End PBXVariantGroup section */

/* Begin XCBuildConfiguration section */
		EC22E8701A5BECE000EBED00 /* Debug */ = {
			isa = XCBuildConfiguration;
			buildSettings = {
				ALWAYS_SEARCH_USER_PATHS = NO;
				CLANG_CXX_LANGUAGE_STANDARD = "gnu++0x";
				CLANG_CXX_LIBRARY = "libc++";
				CLANG_ENABLE_MODULES = YES;
				CLANG_ENABLE_OBJC_ARC = YES;
				CLANG_WARN_BOOL_CONVERSION = YES;
				CLANG_WARN_CONSTANT_CONVERSION = YES;
				CLANG_WARN_DIRECT_OBJC_ISA_USAGE = YES_ERROR;
				CLANG_WARN_EMPTY_BODY = YES;
				CLANG_WARN_ENUM_CONVERSION = YES;
				CLANG_WARN_INT_CONVERSION = YES;
				CLANG_WARN_OBJC_ROOT_CLASS = YES_ERROR;
				CLANG_WARN_UNREACHABLE_CODE = YES;
				CLANG_WARN__DUPLICATE_METHOD_MATCH = YES;
				"CODE_SIGN_IDENTITY[sdk=iphoneos*]" = "iPhone Developer";
				COPY_PHASE_STRIP = NO;
				ENABLE_STRICT_OBJC_MSGSEND = YES;
				GCC_C_LANGUAGE_STANDARD = gnu99;
				GCC_DYNAMIC_NO_PIC = NO;
				GCC_OPTIMIZATION_LEVEL = 0;
				GCC_PREPROCESSOR_DEFINITIONS = (
					"DEBUG=1",
					"$(inherited)",
				);
				GCC_SYMBOLS_PRIVATE_EXTERN = NO;
				GCC_WARN_64_TO_32_BIT_CONVERSION = YES;
				GCC_WARN_ABOUT_RETURN_TYPE = YES_ERROR;
				GCC_WARN_UNDECLARED_SELECTOR = YES;
				GCC_WARN_UNINITIALIZED_AUTOS = YES_AGGRESSIVE;
				GCC_WARN_UNUSED_FUNCTION = YES;
				GCC_WARN_UNUSED_VARIABLE = YES;
				IPHONEOS_DEPLOYMENT_TARGET = 8.1;
				MTL_ENABLE_DEBUG_INFO = YES;
				ONLY_ACTIVE_ARCH = YES;
				SDKROOT = iphoneos;
				SWIFT_OPTIMIZATION_LEVEL = "-Onone";
				TARGETED_DEVICE_FAMILY = "1,2";
			};
			name = Debug;
		};
		EC22E8711A5BECE000EBED00 /* Release */ = {
			isa = XCBuildConfiguration;
			buildSettings = {
				ALWAYS_SEARCH_USER_PATHS = NO;
				CLANG_CXX_LANGUAGE_STANDARD = "gnu++0x";
				CLANG_CXX_LIBRARY = "libc++";
				CLANG_ENABLE_MODULES = YES;
				CLANG_ENABLE_OBJC_ARC = YES;
				CLANG_WARN_BOOL_CONVERSION = YES;
				CLANG_WARN_CONSTANT_CONVERSION = YES;
				CLANG_WARN_DIRECT_OBJC_ISA_USAGE = YES_ERROR;
				CLANG_WARN_EMPTY_BODY = YES;
				CLANG_WARN_ENUM_CONVERSION = YES;
				CLANG_WARN_INT_CONVERSION = YES;
				CLANG_WARN_OBJC_ROOT_CLASS = YES_ERROR;
				CLANG_WARN_UNREACHABLE_CODE = YES;
				CLANG_WARN__DUPLICATE_METHOD_MATCH = YES;
				"CODE_SIGN_IDENTITY[sdk=iphoneos*]" = "iPhone Developer";
				COPY_PHASE_STRIP = YES;
				ENABLE_NS_ASSERTIONS = NO;
				ENABLE_STRICT_OBJC_MSGSEND = YES;
				GCC_C_LANGUAGE_STANDARD = gnu99;
				GCC_WARN_64_TO_32_BIT_CONVERSION = YES;
				GCC_WARN_ABOUT_RETURN_TYPE = YES_ERROR;
				GCC_WARN_UNDECLARED_SELECTOR = YES;
				GCC_WARN_UNINITIALIZED_AUTOS = YES_AGGRESSIVE;
				GCC_WARN_UNUSED_FUNCTION = YES;
				GCC_WARN_UNUSED_VARIABLE = YES;
				IPHONEOS_DEPLOYMENT_TARGET = 8.1;
				MTL_ENABLE_DEBUG_INFO = NO;
				SDKROOT = iphoneos;
				TARGETED_DEVICE_FAMILY = "1,2";
				VALIDATE_PRODUCT = YES;
			};
			name = Release;
		};
		EC22E8731A5BECE000EBED00 /* Debug */ = {
			isa = XCBuildConfiguration;
			buildSettings = {
				ASSETCATALOG_COMPILER_APPICON_NAME = AppIcon;
				INFOPLIST_FILE = DotKioku/Info.plist;
				LD_RUNPATH_SEARCH_PATHS = "$(inherited) @executable_path/Frameworks";
				LIBRARY_SEARCH_PATHS = (
					"$(inherited)",
					"$(PROJECT_DIR)/DotKioku/lib/GoogleMobileAds",
					"$(PROJECT_DIR)/DotKioku/lib/GoogleAnalytics",
				);
				OTHER_LDFLAGS = "-ObjC";
				OTHER_SWIFT_FLAGS = "-D DEBUG";
				PRODUCT_NAME = "$(TARGET_NAME)";
				SWIFT_OBJC_BRIDGING_HEADER = "DotKioku/objc-header.h";
			};
			name = Debug;
		};
		EC22E8741A5BECE000EBED00 /* Release */ = {
			isa = XCBuildConfiguration;
			buildSettings = {
				ASSETCATALOG_COMPILER_APPICON_NAME = AppIcon;
				INFOPLIST_FILE = DotKioku/Info.plist;
				LD_RUNPATH_SEARCH_PATHS = "$(inherited) @executable_path/Frameworks";
				LIBRARY_SEARCH_PATHS = (
					"$(inherited)",
					"$(PROJECT_DIR)/DotKioku/lib/GoogleMobileAds",
					"$(PROJECT_DIR)/DotKioku/lib/GoogleAnalytics",
				);
				OTHER_LDFLAGS = "-ObjC";
				PRODUCT_NAME = "$(TARGET_NAME)";
				SWIFT_OBJC_BRIDGING_HEADER = "DotKioku/objc-header.h";
			};
			name = Release;
		};
		EC22E8761A5BECE000EBED00 /* Debug */ = {
			isa = XCBuildConfiguration;
			buildSettings = {
				BUNDLE_LOADER = "$(TEST_HOST)";
				FRAMEWORK_SEARCH_PATHS = (
					"$(SDKROOT)/Developer/Library/Frameworks",
					"$(inherited)",
				);
				GCC_PREPROCESSOR_DEFINITIONS = (
					"DEBUG=1",
					"$(inherited)",
				);
				INFOPLIST_FILE = DotKiokuTests/Info.plist;
				LD_RUNPATH_SEARCH_PATHS = "$(inherited) @executable_path/Frameworks @loader_path/Frameworks";
				PRODUCT_NAME = "$(TARGET_NAME)";
				TEST_HOST = "$(BUILT_PRODUCTS_DIR)/DotKioku.app/DotKioku";
			};
			name = Debug;
		};
		EC22E8771A5BECE000EBED00 /* Release */ = {
			isa = XCBuildConfiguration;
			buildSettings = {
				BUNDLE_LOADER = "$(TEST_HOST)";
				FRAMEWORK_SEARCH_PATHS = (
					"$(SDKROOT)/Developer/Library/Frameworks",
					"$(inherited)",
				);
				INFOPLIST_FILE = DotKiokuTests/Info.plist;
				LD_RUNPATH_SEARCH_PATHS = "$(inherited) @executable_path/Frameworks @loader_path/Frameworks";
				PRODUCT_NAME = "$(TARGET_NAME)";
				TEST_HOST = "$(BUILT_PRODUCTS_DIR)/DotKioku.app/DotKioku";
			};
			name = Release;
		};
/* End XCBuildConfiguration section */

/* Begin XCConfigurationList section */
		EC22E84A1A5BECE000EBED00 /* Build configuration list for PBXProject "DotKioku" */ = {
			isa = XCConfigurationList;
			buildConfigurations = (
				EC22E8701A5BECE000EBED00 /* Debug */,
				EC22E8711A5BECE000EBED00 /* Release */,
			);
			defaultConfigurationIsVisible = 0;
			defaultConfigurationName = Release;
		};
		EC22E8721A5BECE000EBED00 /* Build configuration list for PBXNativeTarget "DotKioku" */ = {
			isa = XCConfigurationList;
			buildConfigurations = (
				EC22E8731A5BECE000EBED00 /* Debug */,
				EC22E8741A5BECE000EBED00 /* Release */,
			);
			defaultConfigurationIsVisible = 0;
			defaultConfigurationName = Release;
		};
		EC22E8751A5BECE000EBED00 /* Build configuration list for PBXNativeTarget "DotKiokuTests" */ = {
			isa = XCConfigurationList;
			buildConfigurations = (
				EC22E8761A5BECE000EBED00 /* Debug */,
				EC22E8771A5BECE000EBED00 /* Release */,
			);
			defaultConfigurationIsVisible = 0;
			defaultConfigurationName = Release;
		};
/* End XCConfigurationList section */
	};
	rootObject = EC22E8471A5BECE000EBED00 /* Project object */;
}
